
Microsoft Visual Studio Solution File, Format Version 12.00
# Visual Studio Version 17
VisualStudioVersion = 17.7.34024.191
MinimumVisualStudioVersion = 10.0.40219.1
Project("{FAE04EC0-301F-11D3-BF4B-00C04F79EFBC}") = "NotedByAnnaAndAbby", "NotedByAnnaAndAbby\NotedByAnnaAndAbby.csproj", "{CABE1AC3-1371-44D6-A81B-FDA6F1CE4B94}"
EndProject
Global
	GlobalSection(SolutionConfigurationPlatforms) = preSolution
		Debug|Any CPU = Debug|Any CPU
		Release|Any CPU = Release|Any CPU
	EndGlobalSection
	GlobalSection(ProjectConfigurationPlatforms) = postSolution
		{CABE1AC3-1371-44D6-A81B-FDA6F1CE4B94}.Debug|Any CPU.ActiveCfg = Debug|Any CPU
		{CABE1AC3-1371-44D6-A81B-FDA6F1CE4B94}.Debug|Any CPU.Build.0 = Debug|Any CPU
		{CABE1AC3-1371-44D6-A81B-FDA6F1CE4B94}.Release|Any CPU.ActiveCfg = Release|Any CPU
		{CABE1AC3-1371-44D6-A81B-FDA6F1CE4B94}.Release|Any CPU.Build.0 = Release|Any CPU
	EndGlobalSection
	GlobalSection(SolutionProperties) = preSolution
		HideSolutionNode = FALSE
	EndGlobalSection
	GlobalSection(ExtensibilityGlobals) = postSolution
		SolutionGuid = {6999E298-0B92-4D77-A33B-6F726737799E}
	EndGlobalSection
EndGlobal
